
Microsoft Visual Studio Solution File, Format Version 12.00
# Visual Studio 15
VisualStudioVersion = 15.0.28010.2016
MinimumVisualStudioVersion = 10.0.40219.1
Project("{FAE04EC0-301F-11D3-BF4B-00C04F79EFBC}") = "Uppgift1", "Uppgift1\Uppgift1.csproj", "{5E6F1046-E584-4785-8D5A-B2534C436B00}"
EndProject
Project("{FAE04EC0-301F-11D3-BF4B-00C04F79EFBC}") = "Uppgift2", "Uppgift2\Uppgift2.csproj", "{3769A153-C07E-4E02-ABDC-DC74B9F3F398}"
EndProject
Project("{FAE04EC0-301F-11D3-BF4B-00C04F79EFBC}") = "Uppgift3", "Uppgift3\Uppgift3.csproj", "{7A4F306D-C311-47A9-9289-1EE0028521ED}"
EndProject
Project("{FAE04EC0-301F-11D3-BF4B-00C04F79EFBC}") = "Uppgift2Alternative", "Uppgift2Alternative\Uppgift2Alternative.csproj", "{C13F82E2-DE3D-4B7E-9E1D-7218EB4AB354}"
EndProject
Project("{FAE04EC0-301F-11D3-BF4B-00C04F79EFBC}") = "LINQ-Instuderingsuppgifter", "LINQ-Instuderingsuppgifter\LINQ-Instuderingsuppgifter.csproj", "{203A568B-4B7E-4CC9-8229-6EF801EEBC8A}"
EndProject
Global
	GlobalSection(SolutionConfigurationPlatforms) = preSolution
		Debug|Any CPU = Debug|Any CPU
		Release|Any CPU = Release|Any CPU
	EndGlobalSection
	GlobalSection(ProjectConfigurationPlatforms) = postSolution
		{5E6F1046-E584-4785-8D5A-B2534C436B00}.Debug|Any CPU.ActiveCfg = Debug|Any CPU
		{5E6F1046-E584-4785-8D5A-B2534C436B00}.Debug|Any CPU.Build.0 = Debug|Any CPU
		{5E6F1046-E584-4785-8D5A-B2534C436B00}.Release|Any CPU.ActiveCfg = Release|Any CPU
		{5E6F1046-E584-4785-8D5A-B2534C436B00}.Release|Any CPU.Build.0 = Release|Any CPU
		{3769A153-C07E-4E02-ABDC-DC74B9F3F398}.Debug|Any CPU.ActiveCfg = Debug|Any CPU
		{3769A153-C07E-4E02-ABDC-DC74B9F3F398}.Debug|Any CPU.Build.0 = Debug|Any CPU
		{3769A153-C07E-4E02-ABDC-DC74B9F3F398}.Release|Any CPU.ActiveCfg = Release|Any CPU
		{3769A153-C07E-4E02-ABDC-DC74B9F3F398}.Release|Any CPU.Build.0 = Release|Any CPU
		{7A4F306D-C311-47A9-9289-1EE0028521ED}.Debug|Any CPU.ActiveCfg = Debug|Any CPU
		{7A4F306D-C311-47A9-9289-1EE0028521ED}.Debug|Any CPU.Build.0 = Debug|Any CPU
		{7A4F306D-C311-47A9-9289-1EE0028521ED}.Release|Any CPU.ActiveCfg = Release|Any CPU
		{7A4F306D-C311-47A9-9289-1EE0028521ED}.Release|Any CPU.Build.0 = Release|Any CPU
		{C13F82E2-DE3D-4B7E-9E1D-7218EB4AB354}.Debug|Any CPU.ActiveCfg = Debug|Any CPU
		{C13F82E2-DE3D-4B7E-9E1D-7218EB4AB354}.Debug|Any CPU.Build.0 = Debug|Any CPU
		{C13F82E2-DE3D-4B7E-9E1D-7218EB4AB354}.Release|Any CPU.ActiveCfg = Release|Any CPU
		{C13F82E2-DE3D-4B7E-9E1D-7218EB4AB354}.Release|Any CPU.Build.0 = Release|Any CPU
		{203A568B-4B7E-4CC9-8229-6EF801EEBC8A}.Debug|Any CPU.ActiveCfg = Debug|Any CPU
		{203A568B-4B7E-4CC9-8229-6EF801EEBC8A}.Debug|Any CPU.Build.0 = Debug|Any CPU
		{203A568B-4B7E-4CC9-8229-6EF801EEBC8A}.Release|Any CPU.ActiveCfg = Release|Any CPU
		{203A568B-4B7E-4CC9-8229-6EF801EEBC8A}.Release|Any CPU.Build.0 = Release|Any CPU
	EndGlobalSection
	GlobalSection(SolutionProperties) = preSolution
		HideSolutionNode = FALSE
	EndGlobalSection
	GlobalSection(ExtensibilityGlobals) = postSolution
		SolutionGuid = {758C57AA-6356-4D27-A92F-3246421549B5}
	EndGlobalSection
EndGlobal
